
Microsoft Visual Studio Solution File, Format Version 12.00
Project("{FAE04EC0-301F-11D3-BF4B-00C04F79EFBC}") = "TextPrivacy.SensitiveString", "src\TextPrivacy.SensitiveString\TextPrivacy.SensitiveString.csproj", "{BFACD806-7D36-4ED7-8FE1-E7457299A6E3}"
EndProject
Project("{FAE04EC0-301F-11D3-BF4B-00C04F79EFBC}") = "TextPrivacy.SensitiveString.Swagger", "src\TextPrivacy.SensitiveString.Swagger\TextPrivacy.SensitiveString.Swagger.csproj", "{C3B8ED7F-E680-4364-B9AE-C12019E782E3}"
EndProject
Project("{FAE04EC0-301F-11D3-BF4B-00C04F79EFBC}") = "TextPrivacy.SensitiveString.Tests", "test\TextPrivacy.SensitiveString.Tests\TextPrivacy.SensitiveString.Tests.csproj", "{C0B98D42-F2BB-4D5D-A2C2-EA137D9FBF3F}"
EndProject
Project("{2150E333-8FDC-42A3-9474-1A3956D46DE8}") = "src", "src", "{21EB174C-CED8-40DB-AD4E-E3BF9D9D3EC7}"
EndProject
Project("{2150E333-8FDC-42A3-9474-1A3956D46DE8}") = "test", "test", "{654EFDB6-8ECD-42CB-A3D6-F7DE361A692B}"
EndProject
Project("{FAE04EC0-301F-11D3-BF4B-00C04F79EFBC}") = "TextPrivacy.SensitiveString.Examples", "src\TextPrivacy.SensitiveString.Examples\TextPrivacy.SensitiveString.Examples.csproj", "{BA642BF0-1C73-469C-9902-FDDD301DA73C}"
EndProject
Global
	GlobalSection(SolutionConfigurationPlatforms) = preSolution
		Debug|Any CPU = Debug|Any CPU
		Release|Any CPU = Release|Any CPU
	EndGlobalSection
	GlobalSection(ProjectConfigurationPlatforms) = postSolution
		{BFACD806-7D36-4ED7-8FE1-E7457299A6E3}.Debug|Any CPU.ActiveCfg = Debug|Any CPU
		{BFACD806-7D36-4ED7-8FE1-E7457299A6E3}.Debug|Any CPU.Build.0 = Debug|Any CPU
		{BFACD806-7D36-4ED7-8FE1-E7457299A6E3}.Release|Any CPU.ActiveCfg = Release|Any CPU
		{BFACD806-7D36-4ED7-8FE1-E7457299A6E3}.Release|Any CPU.Build.0 = Release|Any CPU
		{C3B8ED7F-E680-4364-B9AE-C12019E782E3}.Debug|Any CPU.ActiveCfg = Debug|Any CPU
		{C3B8ED7F-E680-4364-B9AE-C12019E782E3}.Debug|Any CPU.Build.0 = Debug|Any CPU
		{C3B8ED7F-E680-4364-B9AE-C12019E782E3}.Release|Any CPU.ActiveCfg = Release|Any CPU
		{C3B8ED7F-E680-4364-B9AE-C12019E782E3}.Release|Any CPU.Build.0 = Release|Any CPU
		{C0B98D42-F2BB-4D5D-A2C2-EA137D9FBF3F}.Debug|Any CPU.ActiveCfg = Debug|Any CPU
		{C0B98D42-F2BB-4D5D-A2C2-EA137D9FBF3F}.Debug|Any CPU.Build.0 = Debug|Any CPU
		{C0B98D42-F2BB-4D5D-A2C2-EA137D9FBF3F}.Release|Any CPU.ActiveCfg = Release|Any CPU
		{C0B98D42-F2BB-4D5D-A2C2-EA137D9FBF3F}.Release|Any CPU.Build.0 = Release|Any CPU
		{BA642BF0-1C73-469C-9902-FDDD301DA73C}.Debug|Any CPU.ActiveCfg = Debug|Any CPU
		{BA642BF0-1C73-469C-9902-FDDD301DA73C}.Debug|Any CPU.Build.0 = Debug|Any CPU
		{BA642BF0-1C73-469C-9902-FDDD301DA73C}.Release|Any CPU.ActiveCfg = Release|Any CPU
		{BA642BF0-1C73-469C-9902-FDDD301DA73C}.Release|Any CPU.Build.0 = Release|Any CPU
	EndGlobalSection
	GlobalSection(NestedProjects) = preSolution
		{BFACD806-7D36-4ED7-8FE1-E7457299A6E3} = {21EB174C-CED8-40DB-AD4E-E3BF9D9D3EC7}
		{C3B8ED7F-E680-4364-B9AE-C12019E782E3} = {21EB174C-CED8-40DB-AD4E-E3BF9D9D3EC7}
		{C0B98D42-F2BB-4D5D-A2C2-EA137D9FBF3F} = {654EFDB6-8ECD-42CB-A3D6-F7DE361A692B}
		{BA642BF0-1C73-469C-9902-FDDD301DA73C} = {21EB174C-CED8-40DB-AD4E-E3BF9D9D3EC7}
	EndGlobalSection
EndGlobal
